
Microsoft Visual Studio Solution File, Format Version 12.00
# Visual Studio Version 16
VisualStudioVersion = 16.0.30413.136
MinimumVisualStudioVersion = 10.0.40219.1
Project("{FAE04EC0-301F-11D3-BF4B-00C04F79EFBC}") = "lab7", "lab7\lab7.csproj", "{17D24B61-1C82-4CD5-BD01-9BF7C6CB800D}"
EndProject
Global
	GlobalSection(SolutionConfigurationPlatforms) = preSolution
		Debug|Any CPU = Debug|Any CPU
		Release|Any CPU = Release|Any CPU
	EndGlobalSection
	GlobalSection(ProjectConfigurationPlatforms) = postSolution
		{17D24B61-1C82-4CD5-BD01-9BF7C6CB800D}.Debug|Any CPU.ActiveCfg = Debug|Any CPU
		{17D24B61-1C82-4CD5-BD01-9BF7C6CB800D}.Debug|Any CPU.Build.0 = Debug|Any CPU
		{17D24B61-1C82-4CD5-BD01-9BF7C6CB800D}.Release|Any CPU.ActiveCfg = Release|Any CPU
		{17D24B61-1C82-4CD5-BD01-9BF7C6CB800D}.Release|Any CPU.Build.0 = Release|Any CPU
	EndGlobalSection
	GlobalSection(SolutionProperties) = preSolution
		HideSolutionNode = FALSE
	EndGlobalSection
	GlobalSection(ExtensibilityGlobals) = postSolution
		SolutionGuid = {B2DF28BF-6C01-40E9-8118-060B66405F3A}
	EndGlobalSection
EndGlobal
